
Microsoft Visual Studio Solution File, Format Version 12.00
Project("{FAE04EC0-301F-11D3-BF4B-00C04F79EFBC}") = "LargeFileManager", "LargeFileManager\LargeFileManager.csproj", "{959B6C06-FFEB-4A95-B38E-5B7AC8E1C6DA}"
EndProject
Project("{FAE04EC0-301F-11D3-BF4B-00C04F79EFBC}") = "SyncDirManager2", "SyncDirManager2\SyncDirManager2.csproj", "{57A90645-FE9B-4382-B7A6-042925135758}"
EndProject
Global
	GlobalSection(SolutionConfigurationPlatforms) = preSolution
		Debug|Any CPU = Debug|Any CPU
		Release|Any CPU = Release|Any CPU
	EndGlobalSection
	GlobalSection(ProjectConfigurationPlatforms) = postSolution
		{959B6C06-FFEB-4A95-B38E-5B7AC8E1C6DA}.Debug|Any CPU.ActiveCfg = Debug|Any CPU
		{959B6C06-FFEB-4A95-B38E-5B7AC8E1C6DA}.Debug|Any CPU.Build.0 = Debug|Any CPU
		{959B6C06-FFEB-4A95-B38E-5B7AC8E1C6DA}.Release|Any CPU.ActiveCfg = Release|Any CPU
		{959B6C06-FFEB-4A95-B38E-5B7AC8E1C6DA}.Release|Any CPU.Build.0 = Release|Any CPU
		{57A90645-FE9B-4382-B7A6-042925135758}.Debug|Any CPU.ActiveCfg = Debug|Any CPU
		{57A90645-FE9B-4382-B7A6-042925135758}.Debug|Any CPU.Build.0 = Debug|Any CPU
		{57A90645-FE9B-4382-B7A6-042925135758}.Release|Any CPU.ActiveCfg = Release|Any CPU
		{57A90645-FE9B-4382-B7A6-042925135758}.Release|Any CPU.Build.0 = Release|Any CPU
	EndGlobalSection
EndGlobal
